{
  "requires": true,
  "lockfileVersion": 1,
  "dependencies": {
    "@types/angular": {
      "version": "1.6.56",
      "resolved": "https://registry.npmjs.org/@types/angular/-/angular-1.6.56.tgz",
      "integrity": "sha512-HxtqilvklZ7i6XOaiP7uIJIrFXEVEhfbSY45nfv2DeBRngncI58Y4ZOUMiUkcT8sqgLL1ablmbfylChUg7A3GA=="
    },
    "angular": {
      "version": "1.7.8",
      "resolved": "https://registry.npmjs.org/angular/-/angular-1.7.8.tgz",
      "integrity": "sha512-wtef/y4COxM7ZVhddd7JtAAhyYObq9YXKar9tsW7558BImeVYteJiTxCKeJOL45lJ/+7B4wrAC49j8gTFYEthg=="
    }
  }
}
